
Microsoft Visual Studio Solution File, Format Version 12.00
# Visual Studio Version 17
VisualStudioVersion = 17.0.31903.59
MinimumVisualStudioVersion = 10.0.40219.1
Project("{2150E333-8FDC-42A3-9474-1A3956D46DE8}") = "benchmarks", "benchmarks", "{66320409-64EC-F7C5-3DEF-65E7510DAAD1}"
EndProject
Project("{FAE04EC0-301F-11D3-BF4B-00C04F79EFBC}") = "Gex.Benchmarks", "benchmarks\Gex.Benchmarks\Gex.Benchmarks.csproj", "{09DBE2B4-910D-4A3A-9767-9C75162C8410}"
EndProject
Project("{2150E333-8FDC-42A3-9474-1A3956D46DE8}") = "src", "src", "{827E0CD3-B72D-47B6-A68D-7590B98EB39B}"
EndProject
Project("{FAE04EC0-301F-11D3-BF4B-00C04F79EFBC}") = "Gex.Core", "src\Gex.Core\Gex.Core.csproj", "{721119A5-E384-4A94-A833-ED7A450B8F0A}"
EndProject
Project("{FAE04EC0-301F-11D3-BF4B-00C04F79EFBC}") = "Gex.Cli", "src\Gex.Cli\Gex.Cli.csproj", "{72AD379D-4ADE-4F8A-BF99-C0EC7F625975}"
EndProject
Project("{FAE04EC0-301F-11D3-BF4B-00C04F79EFBC}") = "Gex.Generators", "src\Gex.Generators\Gex.Generators.csproj", "{BE1EA14E-65E0-415C-9554-D73656F30765}"
EndProject
Project("{2150E333-8FDC-42A3-9474-1A3956D46DE8}") = "tests", "tests", "{0AB3BF05-4346-4AA6-1389-037BE0695223}"
EndProject
Project("{FAE04EC0-301F-11D3-BF4B-00C04F79EFBC}") = "Gex.Cli.Tests", "tests\Gex.Cli.Tests\Gex.Cli.Tests.csproj", "{68945036-05F6-4870-A273-38EEFD7FF54B}"
EndProject
Project("{FAE04EC0-301F-11D3-BF4B-00C04F79EFBC}") = "Gex.Core.Tests", "tests\Gex.Core.Tests\Gex.Core.Tests.csproj", "{18F19718-7419-4A85-81A7-C87515AFCF91}"
EndProject
Project("{FAE04EC0-301F-11D3-BF4B-00C04F79EFBC}") = "Gex.Cli.Demo", "src\Gex.Cli.Demo\Gex.Cli.Demo.csproj", "{AD559BA4-9208-4AB3-BBD6-9E002507B280}"
EndProject
Global
	GlobalSection(SolutionConfigurationPlatforms) = preSolution
		Debug|Any CPU = Debug|Any CPU
		Debug|x64 = Debug|x64
		Debug|x86 = Debug|x86
		Release|Any CPU = Release|Any CPU
		Release|x64 = Release|x64
		Release|x86 = Release|x86
	EndGlobalSection
	GlobalSection(ProjectConfigurationPlatforms) = postSolution
		{09DBE2B4-910D-4A3A-9767-9C75162C8410}.Debug|Any CPU.ActiveCfg = Debug|Any CPU
		{09DBE2B4-910D-4A3A-9767-9C75162C8410}.Debug|Any CPU.Build.0 = Debug|Any CPU
		{09DBE2B4-910D-4A3A-9767-9C75162C8410}.Debug|x64.ActiveCfg = Debug|Any CPU
		{09DBE2B4-910D-4A3A-9767-9C75162C8410}.Debug|x64.Build.0 = Debug|Any CPU
		{09DBE2B4-910D-4A3A-9767-9C75162C8410}.Debug|x86.ActiveCfg = Debug|Any CPU
		{09DBE2B4-910D-4A3A-9767-9C75162C8410}.Debug|x86.Build.0 = Debug|Any CPU
		{09DBE2B4-910D-4A3A-9767-9C75162C8410}.Release|Any CPU.ActiveCfg = Release|Any CPU
		{09DBE2B4-910D-4A3A-9767-9C75162C8410}.Release|Any CPU.Build.0 = Release|Any CPU
		{09DBE2B4-910D-4A3A-9767-9C75162C8410}.Release|x64.ActiveCfg = Release|Any CPU
		{09DBE2B4-910D-4A3A-9767-9C75162C8410}.Release|x64.Build.0 = Release|Any CPU
		{09DBE2B4-910D-4A3A-9767-9C75162C8410}.Release|x86.ActiveCfg = Release|Any CPU
		{09DBE2B4-910D-4A3A-9767-9C75162C8410}.Release|x86.Build.0 = Release|Any CPU
		{721119A5-E384-4A94-A833-ED7A450B8F0A}.Debug|Any CPU.ActiveCfg = Debug|Any CPU
		{721119A5-E384-4A94-A833-ED7A450B8F0A}.Debug|Any CPU.Build.0 = Debug|Any CPU
		{721119A5-E384-4A94-A833-ED7A450B8F0A}.Debug|x64.ActiveCfg = Debug|Any CPU
		{721119A5-E384-4A94-A833-ED7A450B8F0A}.Debug|x64.Build.0 = Debug|Any CPU
		{721119A5-E384-4A94-A833-ED7A450B8F0A}.Debug|x86.ActiveCfg = Debug|Any CPU
		{721119A5-E384-4A94-A833-ED7A450B8F0A}.Debug|x86.Build.0 = Debug|Any CPU
		{721119A5-E384-4A94-A833-ED7A450B8F0A}.Release|Any CPU.ActiveCfg = Release|Any CPU
		{721119A5-E384-4A94-A833-ED7A450B8F0A}.Release|Any CPU.Build.0 = Release|Any CPU
		{721119A5-E384-4A94-A833-ED7A450B8F0A}.Release|x64.ActiveCfg = Release|Any CPU
		{721119A5-E384-4A94-A833-ED7A450B8F0A}.Release|x64.Build.0 = Release|Any CPU
		{721119A5-E384-4A94-A833-ED7A450B8F0A}.Release|x86.ActiveCfg = Release|Any CPU
		{721119A5-E384-4A94-A833-ED7A450B8F0A}.Release|x86.Build.0 = Release|Any CPU
		{72AD379D-4ADE-4F8A-BF99-C0EC7F625975}.Debug|Any CPU.ActiveCfg = Debug|Any CPU
		{72AD379D-4ADE-4F8A-BF99-C0EC7F625975}.Debug|Any CPU.Build.0 = Debug|Any CPU
		{72AD379D-4ADE-4F8A-BF99-C0EC7F625975}.Debug|x64.ActiveCfg = Debug|Any CPU
		{72AD379D-4ADE-4F8A-BF99-C0EC7F625975}.Debug|x64.Build.0 = Debug|Any CPU
		{72AD379D-4ADE-4F8A-BF99-C0EC7F625975}.Debug|x86.ActiveCfg = Debug|Any CPU
		{72AD379D-4ADE-4F8A-BF99-C0EC7F625975}.Debug|x86.Build.0 = Debug|Any CPU
		{72AD379D-4ADE-4F8A-BF99-C0EC7F625975}.Release|Any CPU.ActiveCfg = Release|Any CPU
		{72AD379D-4ADE-4F8A-BF99-C0EC7F625975}.Release|Any CPU.Build.0 = Release|Any CPU
		{72AD379D-4ADE-4F8A-BF99-C0EC7F625975}.Release|x64.ActiveCfg = Release|Any CPU
		{72AD379D-4ADE-4F8A-BF99-C0EC7F625975}.Release|x64.Build.0 = Release|Any CPU
		{72AD379D-4ADE-4F8A-BF99-C0EC7F625975}.Release|x86.ActiveCfg = Release|Any CPU
		{72AD379D-4ADE-4F8A-BF99-C0EC7F625975}.Release|x86.Build.0 = Release|Any CPU
		{BE1EA14E-65E0-415C-9554-D73656F30765}.Debug|Any CPU.ActiveCfg = Debug|Any CPU
		{BE1EA14E-65E0-415C-9554-D73656F30765}.Debug|Any CPU.Build.0 = Debug|Any CPU
		{BE1EA14E-65E0-415C-9554-D73656F30765}.Debug|x64.ActiveCfg = Debug|Any CPU
		{BE1EA14E-65E0-415C-9554-D73656F30765}.Debug|x64.Build.0 = Debug|Any CPU
		{BE1EA14E-65E0-415C-9554-D73656F30765}.Debug|x86.ActiveCfg = Debug|Any CPU
		{BE1EA14E-65E0-415C-9554-D73656F30765}.Debug|x86.Build.0 = Debug|Any CPU
		{BE1EA14E-65E0-415C-9554-D73656F30765}.Release|Any CPU.ActiveCfg = Release|Any CPU
		{BE1EA14E-65E0-415C-9554-D73656F30765}.Release|Any CPU.Build.0 = Release|Any CPU
		{BE1EA14E-65E0-415C-9554-D73656F30765}.Release|x64.ActiveCfg = Release|Any CPU
		{BE1EA14E-65E0-415C-9554-D73656F30765}.Release|x64.Build.0 = Release|Any CPU
		{BE1EA14E-65E0-415C-9554-D73656F30765}.Release|x86.ActiveCfg = Release|Any CPU
		{BE1EA14E-65E0-415C-9554-D73656F30765}.Release|x86.Build.0 = Release|Any CPU
		{68945036-05F6-4870-A273-38EEFD7FF54B}.Debug|Any CPU.ActiveCfg = Debug|Any CPU
		{68945036-05F6-4870-A273-38EEFD7FF54B}.Debug|Any CPU.Build.0 = Debug|Any CPU
		{68945036-05F6-4870-A273-38EEFD7FF54B}.Debug|x64.ActiveCfg = Debug|Any CPU
		{68945036-05F6-4870-A273-38EEFD7FF54B}.Debug|x64.Build.0 = Debug|Any CPU
		{68945036-05F6-4870-A273-38EEFD7FF54B}.Debug|x86.ActiveCfg = Debug|Any CPU
		{68945036-05F6-4870-A273-38EEFD7FF54B}.Debug|x86.Build.0 = Debug|Any CPU
		{68945036-05F6-4870-A273-38EEFD7FF54B}.Release|Any CPU.ActiveCfg = Release|Any CPU
		{68945036-05F6-4870-A273-38EEFD7FF54B}.Release|Any CPU.Build.0 = Release|Any CPU
		{68945036-05F6-4870-A273-38EEFD7FF54B}.Release|x64.ActiveCfg = Release|Any CPU
		{68945036-05F6-4870-A273-38EEFD7FF54B}.Release|x64.Build.0 = Release|Any CPU
		{68945036-05F6-4870-A273-38EEFD7FF54B}.Release|x86.ActiveCfg = Release|Any CPU
		{68945036-05F6-4870-A273-38EEFD7FF54B}.Release|x86.Build.0 = Release|Any CPU
		{18F19718-7419-4A85-81A7-C87515AFCF91}.Debug|Any CPU.ActiveCfg = Debug|Any CPU
		{18F19718-7419-4A85-81A7-C87515AFCF91}.Debug|Any CPU.Build.0 = Debug|Any CPU
		{18F19718-7419-4A85-81A7-C87515AFCF91}.Debug|x64.ActiveCfg = Debug|Any CPU
		{18F19718-7419-4A85-81A7-C87515AFCF91}.Debug|x64.Build.0 = Debug|Any CPU
		{18F19718-7419-4A85-81A7-C87515AFCF91}.Debug|x86.ActiveCfg = Debug|Any CPU
		{18F19718-7419-4A85-81A7-C87515AFCF91}.Debug|x86.Build.0 = Debug|Any CPU
		{18F19718-7419-4A85-81A7-C87515AFCF91}.Release|Any CPU.ActiveCfg = Release|Any CPU
		{18F19718-7419-4A85-81A7-C87515AFCF91}.Release|Any CPU.Build.0 = Release|Any CPU
		{18F19718-7419-4A85-81A7-C87515AFCF91}.Release|x64.ActiveCfg = Release|Any CPU
		{18F19718-7419-4A85-81A7-C87515AFCF91}.Release|x64.Build.0 = Release|Any CPU
		{18F19718-7419-4A85-81A7-C87515AFCF91}.Release|x86.ActiveCfg = Release|Any CPU
		{18F19718-7419-4A85-81A7-C87515AFCF91}.Release|x86.Build.0 = Release|Any CPU
		{AD559BA4-9208-4AB3-BBD6-9E002507B280}.Debug|Any CPU.ActiveCfg = Debug|Any CPU
		{AD559BA4-9208-4AB3-BBD6-9E002507B280}.Debug|Any CPU.Build.0 = Debug|Any CPU
		{AD559BA4-9208-4AB3-BBD6-9E002507B280}.Debug|x64.ActiveCfg = Debug|Any CPU
		{AD559BA4-9208-4AB3-BBD6-9E002507B280}.Debug|x64.Build.0 = Debug|Any CPU
		{AD559BA4-9208-4AB3-BBD6-9E002507B280}.Debug|x86.ActiveCfg = Debug|Any CPU
		{AD559BA4-9208-4AB3-BBD6-9E002507B280}.Debug|x86.Build.0 = Debug|Any CPU
		{AD559BA4-9208-4AB3-BBD6-9E002507B280}.Release|Any CPU.ActiveCfg = Release|Any CPU
		{AD559BA4-9208-4AB3-BBD6-9E002507B280}.Release|Any CPU.Build.0 = Release|Any CPU
		{AD559BA4-9208-4AB3-BBD6-9E002507B280}.Release|x64.ActiveCfg = Release|Any CPU
		{AD559BA4-9208-4AB3-BBD6-9E002507B280}.Release|x64.Build.0 = Release|Any CPU
		{AD559BA4-9208-4AB3-BBD6-9E002507B280}.Release|x86.ActiveCfg = Release|Any CPU
		{AD559BA4-9208-4AB3-BBD6-9E002507B280}.Release|x86.Build.0 = Release|Any CPU
	EndGlobalSection
	GlobalSection(SolutionProperties) = preSolution
		HideSolutionNode = FALSE
	EndGlobalSection
	GlobalSection(NestedProjects) = preSolution
		{09DBE2B4-910D-4A3A-9767-9C75162C8410} = {66320409-64EC-F7C5-3DEF-65E7510DAAD1}
		{721119A5-E384-4A94-A833-ED7A450B8F0A} = {827E0CD3-B72D-47B6-A68D-7590B98EB39B}
		{72AD379D-4ADE-4F8A-BF99-C0EC7F625975} = {827E0CD3-B72D-47B6-A68D-7590B98EB39B}
		{BE1EA14E-65E0-415C-9554-D73656F30765} = {827E0CD3-B72D-47B6-A68D-7590B98EB39B}
		{68945036-05F6-4870-A273-38EEFD7FF54B} = {0AB3BF05-4346-4AA6-1389-037BE0695223}
		{18F19718-7419-4A85-81A7-C87515AFCF91} = {0AB3BF05-4346-4AA6-1389-037BE0695223}
		{AD559BA4-9208-4AB3-BBD6-9E002507B280} = {827E0CD3-B72D-47B6-A68D-7590B98EB39B}
	EndGlobalSection
EndGlobal
