
Microsoft Visual Studio Solution File, Format Version 12.00
# Visual Studio Version 17
VisualStudioVersion = 17.0.31903.59
MinimumVisualStudioVersion = 10.0.40219.1
Project("{2150E333-8FDC-42A3-9474-1A3956D46DE8}") = "src", "src", "{827E0CD3-B72D-47B6-A68D-7590B98EB39B}"
EndProject
Project("{FAE04EC0-301F-11D3-BF4B-00C04F79EFBC}") = "Gex.Core", "src\Gex.Core\Gex.Core.csproj", "{F503BBF8-8EE6-46DB-9522-BFC6FC5FCD4A}"
EndProject
Project("{FAE04EC0-301F-11D3-BF4B-00C04F79EFBC}") = "Gex.Cli", "src\Gex.Cli\Gex.Cli.csproj", "{9B63BD04-6C45-46F9-8D93-F178FF41E627}"
EndProject
Project("{FAE04EC0-301F-11D3-BF4B-00C04F79EFBC}") = "Gex.Generators", "src\Gex.Generators\Gex.Generators.csproj", "{2D22D983-EDC4-4492-B86F-B32B6EE8E56C}"
EndProject
Project("{2150E333-8FDC-42A3-9474-1A3956D46DE8}") = "tests", "tests", "{0AB3BF05-4346-4AA6-1389-037BE0695223}"
EndProject
Project("{FAE04EC0-301F-11D3-BF4B-00C04F79EFBC}") = "Gex.Tests", "tests\Gex.Tests\Gex.Tests.csproj", "{46C7A1E7-0D65-4377-B494-2BEC8A1E083A}"
EndProject
Project("{2150E333-8FDC-42A3-9474-1A3956D46DE8}") = "benchmarks", "benchmarks", "{66320409-64EC-F7C5-3DEF-65E7510DAAD1}"
EndProject
Project("{FAE04EC0-301F-11D3-BF4B-00C04F79EFBC}") = "Gex.Benchmarks", "benchmarks\Gex.Benchmarks\Gex.Benchmarks.csproj", "{7CE1EE1A-660E-42D0-A487-B5376DAC4A20}"
EndProject
Global
	GlobalSection(SolutionConfigurationPlatforms) = preSolution
		Debug|Any CPU = Debug|Any CPU
		Debug|x64 = Debug|x64
		Debug|x86 = Debug|x86
		Release|Any CPU = Release|Any CPU
		Release|x64 = Release|x64
		Release|x86 = Release|x86
	EndGlobalSection
	GlobalSection(ProjectConfigurationPlatforms) = postSolution
		{F503BBF8-8EE6-46DB-9522-BFC6FC5FCD4A}.Debug|Any CPU.ActiveCfg = Debug|Any CPU
		{F503BBF8-8EE6-46DB-9522-BFC6FC5FCD4A}.Debug|Any CPU.Build.0 = Debug|Any CPU
		{F503BBF8-8EE6-46DB-9522-BFC6FC5FCD4A}.Debug|x64.ActiveCfg = Debug|Any CPU
		{F503BBF8-8EE6-46DB-9522-BFC6FC5FCD4A}.Debug|x64.Build.0 = Debug|Any CPU
		{F503BBF8-8EE6-46DB-9522-BFC6FC5FCD4A}.Debug|x86.ActiveCfg = Debug|Any CPU
		{F503BBF8-8EE6-46DB-9522-BFC6FC5FCD4A}.Debug|x86.Build.0 = Debug|Any CPU
		{F503BBF8-8EE6-46DB-9522-BFC6FC5FCD4A}.Release|Any CPU.ActiveCfg = Release|Any CPU
		{F503BBF8-8EE6-46DB-9522-BFC6FC5FCD4A}.Release|Any CPU.Build.0 = Release|Any CPU
		{F503BBF8-8EE6-46DB-9522-BFC6FC5FCD4A}.Release|x64.ActiveCfg = Release|Any CPU
		{F503BBF8-8EE6-46DB-9522-BFC6FC5FCD4A}.Release|x64.Build.0 = Release|Any CPU
		{F503BBF8-8EE6-46DB-9522-BFC6FC5FCD4A}.Release|x86.ActiveCfg = Release|Any CPU
		{F503BBF8-8EE6-46DB-9522-BFC6FC5FCD4A}.Release|x86.Build.0 = Release|Any CPU
		{9B63BD04-6C45-46F9-8D93-F178FF41E627}.Debug|Any CPU.ActiveCfg = Debug|Any CPU
		{9B63BD04-6C45-46F9-8D93-F178FF41E627}.Debug|Any CPU.Build.0 = Debug|Any CPU
		{9B63BD04-6C45-46F9-8D93-F178FF41E627}.Debug|x64.ActiveCfg = Debug|Any CPU
		{9B63BD04-6C45-46F9-8D93-F178FF41E627}.Debug|x64.Build.0 = Debug|Any CPU
		{9B63BD04-6C45-46F9-8D93-F178FF41E627}.Debug|x86.ActiveCfg = Debug|Any CPU
		{9B63BD04-6C45-46F9-8D93-F178FF41E627}.Debug|x86.Build.0 = Debug|Any CPU
		{9B63BD04-6C45-46F9-8D93-F178FF41E627}.Release|Any CPU.ActiveCfg = Release|Any CPU
		{9B63BD04-6C45-46F9-8D93-F178FF41E627}.Release|Any CPU.Build.0 = Release|Any CPU
		{9B63BD04-6C45-46F9-8D93-F178FF41E627}.Release|x64.ActiveCfg = Release|Any CPU
		{9B63BD04-6C45-46F9-8D93-F178FF41E627}.Release|x64.Build.0 = Release|Any CPU
		{9B63BD04-6C45-46F9-8D93-F178FF41E627}.Release|x86.ActiveCfg = Release|Any CPU
		{9B63BD04-6C45-46F9-8D93-F178FF41E627}.Release|x86.Build.0 = Release|Any CPU
		{2D22D983-EDC4-4492-B86F-B32B6EE8E56C}.Debug|Any CPU.ActiveCfg = Debug|Any CPU
		{2D22D983-EDC4-4492-B86F-B32B6EE8E56C}.Debug|Any CPU.Build.0 = Debug|Any CPU
		{2D22D983-EDC4-4492-B86F-B32B6EE8E56C}.Debug|x64.ActiveCfg = Debug|Any CPU
		{2D22D983-EDC4-4492-B86F-B32B6EE8E56C}.Debug|x64.Build.0 = Debug|Any CPU
		{2D22D983-EDC4-4492-B86F-B32B6EE8E56C}.Debug|x86.ActiveCfg = Debug|Any CPU
		{2D22D983-EDC4-4492-B86F-B32B6EE8E56C}.Debug|x86.Build.0 = Debug|Any CPU
		{2D22D983-EDC4-4492-B86F-B32B6EE8E56C}.Release|Any CPU.ActiveCfg = Release|Any CPU
		{2D22D983-EDC4-4492-B86F-B32B6EE8E56C}.Release|Any CPU.Build.0 = Release|Any CPU
		{2D22D983-EDC4-4492-B86F-B32B6EE8E56C}.Release|x64.ActiveCfg = Release|Any CPU
		{2D22D983-EDC4-4492-B86F-B32B6EE8E56C}.Release|x64.Build.0 = Release|Any CPU
		{2D22D983-EDC4-4492-B86F-B32B6EE8E56C}.Release|x86.ActiveCfg = Release|Any CPU
		{2D22D983-EDC4-4492-B86F-B32B6EE8E56C}.Release|x86.Build.0 = Release|Any CPU
		{46C7A1E7-0D65-4377-B494-2BEC8A1E083A}.Debug|Any CPU.ActiveCfg = Debug|Any CPU
		{46C7A1E7-0D65-4377-B494-2BEC8A1E083A}.Debug|Any CPU.Build.0 = Debug|Any CPU
		{46C7A1E7-0D65-4377-B494-2BEC8A1E083A}.Debug|x64.ActiveCfg = Debug|Any CPU
		{46C7A1E7-0D65-4377-B494-2BEC8A1E083A}.Debug|x64.Build.0 = Debug|Any CPU
		{46C7A1E7-0D65-4377-B494-2BEC8A1E083A}.Debug|x86.ActiveCfg = Debug|Any CPU
		{46C7A1E7-0D65-4377-B494-2BEC8A1E083A}.Debug|x86.Build.0 = Debug|Any CPU
		{46C7A1E7-0D65-4377-B494-2BEC8A1E083A}.Release|Any CPU.ActiveCfg = Release|Any CPU
		{46C7A1E7-0D65-4377-B494-2BEC8A1E083A}.Release|Any CPU.Build.0 = Release|Any CPU
		{46C7A1E7-0D65-4377-B494-2BEC8A1E083A}.Release|x64.ActiveCfg = Release|Any CPU
		{46C7A1E7-0D65-4377-B494-2BEC8A1E083A}.Release|x64.Build.0 = Release|Any CPU
		{46C7A1E7-0D65-4377-B494-2BEC8A1E083A}.Release|x86.ActiveCfg = Release|Any CPU
		{46C7A1E7-0D65-4377-B494-2BEC8A1E083A}.Release|x86.Build.0 = Release|Any CPU
		{7CE1EE1A-660E-42D0-A487-B5376DAC4A20}.Debug|Any CPU.ActiveCfg = Debug|Any CPU
		{7CE1EE1A-660E-42D0-A487-B5376DAC4A20}.Debug|Any CPU.Build.0 = Debug|Any CPU
		{7CE1EE1A-660E-42D0-A487-B5376DAC4A20}.Debug|x64.ActiveCfg = Debug|Any CPU
		{7CE1EE1A-660E-42D0-A487-B5376DAC4A20}.Debug|x64.Build.0 = Debug|Any CPU
		{7CE1EE1A-660E-42D0-A487-B5376DAC4A20}.Debug|x86.ActiveCfg = Debug|Any CPU
		{7CE1EE1A-660E-42D0-A487-B5376DAC4A20}.Debug|x86.Build.0 = Debug|Any CPU
		{7CE1EE1A-660E-42D0-A487-B5376DAC4A20}.Release|Any CPU.ActiveCfg = Release|Any CPU
		{7CE1EE1A-660E-42D0-A487-B5376DAC4A20}.Release|Any CPU.Build.0 = Release|Any CPU
		{7CE1EE1A-660E-42D0-A487-B5376DAC4A20}.Release|x64.ActiveCfg = Release|Any CPU
		{7CE1EE1A-660E-42D0-A487-B5376DAC4A20}.Release|x64.Build.0 = Release|Any CPU
		{7CE1EE1A-660E-42D0-A487-B5376DAC4A20}.Release|x86.ActiveCfg = Release|Any CPU
		{7CE1EE1A-660E-42D0-A487-B5376DAC4A20}.Release|x86.Build.0 = Release|Any CPU
	EndGlobalSection
	GlobalSection(SolutionProperties) = preSolution
		HideSolutionNode = FALSE
	EndGlobalSection
	GlobalSection(NestedProjects) = preSolution
		{F503BBF8-8EE6-46DB-9522-BFC6FC5FCD4A} = {827E0CD3-B72D-47B6-A68D-7590B98EB39B}
		{9B63BD04-6C45-46F9-8D93-F178FF41E627} = {827E0CD3-B72D-47B6-A68D-7590B98EB39B}
		{2D22D983-EDC4-4492-B86F-B32B6EE8E56C} = {827E0CD3-B72D-47B6-A68D-7590B98EB39B}
		{46C7A1E7-0D65-4377-B494-2BEC8A1E083A} = {0AB3BF05-4346-4AA6-1389-037BE0695223}
		{7CE1EE1A-660E-42D0-A487-B5376DAC4A20} = {66320409-64EC-F7C5-3DEF-65E7510DAAD1}
	EndGlobalSection
EndGlobal
